
Microsoft Visual Studio Solution File, Format Version 12.00
# Visual Studio Version 17
VisualStudioVersion = 17.5.33502.453
MinimumVisualStudioVersion = 10.0.40219.1
Project("{FAE04EC0-301F-11D3-BF4B-00C04F79EFBC}") = "seguridad.usuarios", "seguridad.usuarios\seguridad.usuarios.csproj", "{8D0F55E0-C582-4ED3-BADD-64C68AF3A5D1}"
EndProject
Project("{FAE04EC0-301F-11D3-BF4B-00C04F79EFBC}") = "infraestructure", "infraestructure\infraestructure.csproj", "{A73B2D9E-2288-42F1-BF9B-D8B62E001122}"
EndProject
Project("{FAE04EC0-301F-11D3-BF4B-00C04F79EFBC}") = "services", "services\services.csproj", "{FBBE9E7C-2C2C-4A13-9DB5-FFA0F547D0ED}"
EndProject
Global
	GlobalSection(SolutionConfigurationPlatforms) = preSolution
		Debug|Any CPU = Debug|Any CPU
		Release|Any CPU = Release|Any CPU
	EndGlobalSection
	GlobalSection(ProjectConfigurationPlatforms) = postSolution
		{8D0F55E0-C582-4ED3-BADD-64C68AF3A5D1}.Debug|Any CPU.ActiveCfg = Debug|Any CPU
		{8D0F55E0-C582-4ED3-BADD-64C68AF3A5D1}.Debug|Any CPU.Build.0 = Debug|Any CPU
		{8D0F55E0-C582-4ED3-BADD-64C68AF3A5D1}.Release|Any CPU.ActiveCfg = Release|Any CPU
		{8D0F55E0-C582-4ED3-BADD-64C68AF3A5D1}.Release|Any CPU.Build.0 = Release|Any CPU
		{A73B2D9E-2288-42F1-BF9B-D8B62E001122}.Debug|Any CPU.ActiveCfg = Debug|Any CPU
		{A73B2D9E-2288-42F1-BF9B-D8B62E001122}.Debug|Any CPU.Build.0 = Debug|Any CPU
		{A73B2D9E-2288-42F1-BF9B-D8B62E001122}.Release|Any CPU.ActiveCfg = Release|Any CPU
		{A73B2D9E-2288-42F1-BF9B-D8B62E001122}.Release|Any CPU.Build.0 = Release|Any CPU
		{FBBE9E7C-2C2C-4A13-9DB5-FFA0F547D0ED}.Debug|Any CPU.ActiveCfg = Debug|Any CPU
		{FBBE9E7C-2C2C-4A13-9DB5-FFA0F547D0ED}.Debug|Any CPU.Build.0 = Debug|Any CPU
		{FBBE9E7C-2C2C-4A13-9DB5-FFA0F547D0ED}.Release|Any CPU.ActiveCfg = Release|Any CPU
		{FBBE9E7C-2C2C-4A13-9DB5-FFA0F547D0ED}.Release|Any CPU.Build.0 = Release|Any CPU
	EndGlobalSection
	GlobalSection(SolutionProperties) = preSolution
		HideSolutionNode = FALSE
	EndGlobalSection
	GlobalSection(ExtensibilityGlobals) = postSolution
		SolutionGuid = {87FF2C35-5FCF-48F6-A2C8-591A8B09B32A}
	EndGlobalSection
EndGlobal
